// !$*UTF8*$!
{
	archiveVersion = 1;
	classes = {
	};
	objectVersion = 46;
	objects = {

/* Begin PBXBuildFile section */
		FABA40DA1E5CD295007BD46A /* AppDelegate.swift in Sources */ = {isa = PBXBuildFile; fileRef = FABA40D91E5CD295007BD46A /* AppDelegate.swift */; };
		FABA40DC1E5CD295007BD46A /* ViewController.swift in Sources */ = {isa = PBXBuildFile; fileRef = FABA40DB1E5CD295007BD46A /* ViewController.swift */; };
		FABA40DF1E5CD295007BD46A /* Main.storyboard in Resources */ = {isa = PBXBuildFile; fileRef = FABA40DD1E5CD295007BD46A /* Main.storyboard */; };
		FABA40E11E5CD295007BD46A /* Assets.xcassets in Resources */ = {isa = PBXBuildFile; fileRef = FABA40E01E5CD295007BD46A /* Assets.xcassets */; };
		FABA40E41E5CD295007BD46A /* LaunchScreen.storyboard in Resources */ = {isa = PBXBuildFile; fileRef = FABA40E21E5CD295007BD46A /* LaunchScreen.storyboard */; };
		FABA40EF1E5CD295007BD46A /* Rainy_Shiny_CloudyTests.swift in Sources */ = {isa = PBXBuildFile; fileRef = FABA40EE1E5CD295007BD46A /* Rainy_Shiny_CloudyTests.swift */; };
		FABA40FA1E5CD295007BD46A /* Rainy_Shiny_CloudyUITests.swift in Sources */ = {isa = PBXBuildFile; fileRef = FABA40F91E5CD295007BD46A /* Rainy_Shiny_CloudyUITests.swift */; };
/* End PBXBuildFile section */

/* Begin PBXContainerItemProxy section */
		FABA40EB1E5CD295007BD46A /* PBXContainerItemProxy */ = {
			isa = PBXContainerItemProxy;
			containerPortal = FABA40CE1E5CD295007BD46A /* Project object */;
			proxyType = 1;
			remoteGlobalIDString = FABA40D51E5CD295007BD46A;
			remoteInfo = "Rainy Shiny Cloudy";
		};
		FABA40F61E5CD295007BD46A /* PBXContainerItemProxy */ = {
			isa = PBXContainerItemProxy;
			containerPortal = FABA40CE1E5CD295007BD46A /* Project object */;
			proxyType = 1;
			remoteGlobalIDString = FABA40D51E5CD295007BD46A;
			remoteInfo = "Rainy Shiny Cloudy";
		};
/* End PBXContainerItemProxy section */

/* Begin PBXFileReference section */
		FABA40D61E5CD295007BD46A /* Rainy Shiny Cloudy.app */ = {isa = PBXFileReference; explicitFileType = wrapper.application; includeInIndex = 0; path = "Rainy Shiny Cloudy.app"; sourceTree = BUILT_PRODUCTS_DIR; };
		FABA40D91E5CD295007BD46A /* AppDelegate.swift */ = {isa = PBXFileReference; lastKnownFileType = sourcecode.swift; path = AppDelegate.swift; sourceTree = "<group>"; };
		FABA40DB1E5CD295007BD46A /* ViewController.swift */ = {isa = PBXFileReference; lastKnownFileType = sourcecode.swift; path = ViewController.swift; sourceTree = "<group>"; };
		FABA40DE1E5CD295007BD46A /* Base */ = {isa = PBXFileReference; lastKnownFileType = file.storyboard; name = Base; path = Base.lproj/Main.storyboard; sourceTree = "<group>"; };
		FABA40E01E5CD295007BD46A /* Assets.xcassets */ = {isa = PBXFileReference; lastKnownFileType = folder.assetcatalog; path = Assets.xcassets; sourceTree = "<group>"; };
		FABA40E31E5CD295007BD46A /* Base */ = {isa = PBXFileReference; lastKnownFileType = file.storyboard; name = Base; path = Base.lproj/LaunchScreen.storyboard; sourceTree = "<group>"; };
		FABA40E51E5CD295007BD46A /* Info.plist */ = {isa = PBXFileReference; lastKnownFileType = text.plist.xml; path = Info.plist; sourceTree = "<group>"; };
		FABA40EA1E5CD295007BD46A /* Rainy Shiny CloudyTests.xctest */ = {isa = PBXFileReference; explicitFileType = wrapper.cfbundle; includeInIndex = 0; path = "Rainy Shiny CloudyTests.xctest"; sourceTree = BUILT_PRODUCTS_DIR; };
		FABA40EE1E5CD295007BD46A /* Rainy_Shiny_CloudyTests.swift */ = {isa = PBXFileReference; lastKnownFileType = sourcecode.swift; path = Rainy_Shiny_CloudyTests.swift; sourceTree = "<group>"; };
		FABA40F01E5CD295007BD46A /* Info.plist */ = {isa = PBXFileReference; lastKnownFileType = text.plist.xml; path = Info.plist; sourceTree = "<group>"; };
		FABA40F51E5CD295007BD46A /* Rainy Shiny CloudyUITests.xctest */ = {isa = PBXFileReference; explicitFileType = wrapper.cfbundle; includeInIndex = 0; path = "Rainy Shiny CloudyUITests.xctest"; sourceTree = BUILT_PRODUCTS_DIR; };
		FABA40F91E5CD295007BD46A /* Rainy_Shiny_CloudyUITests.swift */ = {isa = PBXFileReference; lastKnownFileType = sourcecode.swift; path = Rainy_Shiny_CloudyUITests.swift; sourceTree = "<group>"; };
		FABA40FB1E5CD295007BD46A /* Info.plist */ = {isa = PBXFileReference; lastKnownFileType = text.plist.xml; path = Info.plist; sourceTree = "<group>"; };
/* End PBXFileReference section */

/* Begin PBXFrameworksBuildPhase section */
		FABA40D31E5CD295007BD46A /* Frameworks */ = {
			isa = PBXFrameworksBuildPhase;
			buildActionMask = 2147483647;
			files = (
			);
			runOnlyForDeploymentPostprocessing = 0;
		};
		FABA40E71E5CD295007BD46A /* Frameworks */ = {
			isa = PBXFrameworksBuildPhase;
			buildActionMask = 2147483647;
			files = (
			);
			runOnlyForDeploymentPostprocessing = 0;
		};
		FABA40F21E5CD295007BD46A /* Frameworks */ = {
			isa = PBXFrameworksBuildPhase;
			buildActionMask = 2147483647;
			files = (
			);
			runOnlyForDeploymentPostprocessing = 0;
		};
/* End PBXFrameworksBuildPhase section */

/* Begin PBXGroup section */
		FABA40CD1E5CD295007BD46A = {
			isa = PBXGroup;
			children = (
				FABA40D81E5CD295007BD46A /* Rainy Shiny Cloudy */,
				FABA40ED1E5CD295007BD46A /* Rainy Shiny CloudyTests */,
				FABA40F81E5CD295007BD46A /* Rainy Shiny CloudyUITests */,
				FABA40D71E5CD295007BD46A /* Products */,
			);
			sourceTree = "<group>";
		};
		FABA40D71E5CD295007BD46A /* Products */ = {
			isa = PBXGroup;
			children = (
				FABA40D61E5CD295007BD46A /* Rainy Shiny Cloudy.app */,
				FABA40EA1E5CD295007BD46A /* Rainy Shiny CloudyTests.xctest */,
				FABA40F51E5CD295007BD46A /* Rainy Shiny CloudyUITests.xctest */,
			);
			name = Products;
			sourceTree = "<group>";
		};
		FABA40D81E5CD295007BD46A /* Rainy Shiny Cloudy */ = {
			isa = PBXGroup;
			children = (
				FABA40D91E5CD295007BD46A /* AppDelegate.swift */,
				FABA40DB1E5CD295007BD46A /* ViewController.swift */,
				FABA40DD1E5CD295007BD46A /* Main.storyboard */,
				FABA40E01E5CD295007BD46A /* Assets.xcassets */,
				FABA40E21E5CD295007BD46A /* LaunchScreen.storyboard */,
				FABA40E51E5CD295007BD46A /* Info.plist */,
			);
			path = "Rainy Shiny Cloudy";
			sourceTree = "<group>";
		};
		FABA40ED1E5CD295007BD46A /* Rainy Shiny CloudyTests */ = {
			isa = PBXGroup;
			children = (
				FABA40EE1E5CD295007BD46A /* Rainy_Shiny_CloudyTests.swift */,
				FABA40F01E5CD295007BD46A /* Info.plist */,
			);
			path = "Rainy Shiny CloudyTests";
			sourceTree = "<group>";
		};
		FABA40F81E5CD295007BD46A /* Rainy Shiny CloudyUITests */ = {
			isa = PBXGroup;
			children = (
				FABA40F91E5CD295007BD46A /* Rainy_Shiny_CloudyUITests.swift */,
				FABA40FB1E5CD295007BD46A /* Info.plist */,
			);
			path = "Rainy Shiny CloudyUITests";
			sourceTree = "<group>";
		};
/* End PBXGroup section */

/* Begin PBXNativeTarget section */
		FABA40D51E5CD295007BD46A /* Rainy Shiny Cloudy */ = {
			isa = PBXNativeTarget;
			buildConfigurationList = FABA40FE1E5CD295007BD46A /* Build configuration list for PBXNativeTarget "Rainy Shiny Cloudy" */;
			buildPhases = (
				FABA40D21E5CD295007BD46A /* Sources */,
				FABA40D31E5CD295007BD46A /* Frameworks */,
				FABA40D41E5CD295007BD46A /* Resources */,
			);
			buildRules = (
			);
			dependencies = (
			);
			name = "Rainy Shiny Cloudy";
			productName = "Rainy Shiny Cloudy";
			productReference = FABA40D61E5CD295007BD46A /* Rainy Shiny Cloudy.app */;
			productType = "com.apple.product-type.application";
		};
		FABA40E91E5CD295007BD46A /* Rainy Shiny CloudyTests */ = {
			isa = PBXNativeTarget;
			buildConfigurationList = FABA41011E5CD295007BD46A /* Build configuration list for PBXNativeTarget "Rainy Shiny CloudyTests" */;
			buildPhases = (
				FABA40E61E5CD295007BD46A /* Sources */,
				FABA40E71E5CD295007BD46A /* Frameworks */,
				FABA40E81E5CD295007BD46A /* Resources */,
			);
			buildRules = (
			);
			dependencies = (
				FABA40EC1E5CD295007BD46A /* PBXTargetDependency */,
			);
			name = "Rainy Shiny CloudyTests";
			productName = "Rainy Shiny CloudyTests";
			productReference = FABA40EA1E5CD295007BD46A /* Rainy Shiny CloudyTests.xctest */;
			productType = "com.apple.product-type.bundle.unit-test";
		};
		FABA40F41E5CD295007BD46A /* Rainy Shiny CloudyUITests */ = {
			isa = PBXNativeTarget;
			buildConfigurationList = FABA41041E5CD295007BD46A /* Build configuration list for PBXNativeTarget "Rainy Shiny CloudyUITests" */;
			buildPhases = (
				FABA40F11E5CD295007BD46A /* Sources */,
				FABA40F21E5CD295007BD46A /* Frameworks */,
				FABA40F31E5CD295007BD46A /* Resources */,
			);
			buildRules = (
			);
			dependencies = (
				FABA40F71E5CD295007BD46A /* PBXTargetDependency */,
			);
			name = "Rainy Shiny CloudyUITests";
			productName = "Rainy Shiny CloudyUITests";
			productReference = FABA40F51E5CD295007BD46A /* Rainy Shiny CloudyUITests.xctest */;
			productType = "com.apple.product-type.bundle.ui-testing";
		};
/* End PBXNativeTarget section */

/* Begin PBXProject section */
		FABA40CE1E5CD295007BD46A /* Project object */ = {
			isa = PBXProject;
			attributes = {
				LastSwiftUpdateCheck = 0820;
				LastUpgradeCheck = 0820;
				ORGANIZATIONNAME = "ahorro libre";
				TargetAttributes = {
					FABA40D51E5CD295007BD46A = {
						CreatedOnToolsVersion = 8.2.1;
						DevelopmentTeam = RG984Y4MMV;
						ProvisioningStyle = Automatic;
					};
					FABA40E91E5CD295007BD46A = {
						CreatedOnToolsVersion = 8.2.1;
						DevelopmentTeam = RG984Y4MMV;
						ProvisioningStyle = Automatic;
						TestTargetID = FABA40D51E5CD295007BD46A;
					};
					FABA40F41E5CD295007BD46A = {
						CreatedOnToolsVersion = 8.2.1;
						DevelopmentTeam = RG984Y4MMV;
						ProvisioningStyle = Automatic;
						TestTargetID = FABA40D51E5CD295007BD46A;
					};
				};
			};
			buildConfigurationList = FABA40D11E5CD295007BD46A /* Build configuration list for PBXProject "Rainy Shiny Cloudy" */;
			compatibilityVersion = "Xcode 3.2";
			developmentRegion = English;
			hasScannedForEncodings = 0;
			knownRegions = (
				en,
				Base,
			);
			mainGroup = FABA40CD1E5CD295007BD46A;
			productRefGroup = FABA40D71E5CD295007BD46A /* Products */;
			projectDirPath = "";
			projectRoot = "";
			targets = (
				FABA40D51E5CD295007BD46A /* Rainy Shiny Cloudy */,
				FABA40E91E5CD295007BD46A /* Rainy Shiny CloudyTests */,
				FABA40F41E5CD295007BD46A /* Rainy Shiny CloudyUITests */,
			);
		};
/* End PBXProject section */

/* Begin PBXResourcesBuildPhase section */
		FABA40D41E5CD295007BD46A /* Resources */ = {
			isa = PBXResourcesBuildPhase;
			buildActionMask = 2147483647;
			files = (
				FABA40E41E5CD295007BD46A /* LaunchScreen.storyboard in Resources */,
				FABA40E11E5CD295007BD46A /* Assets.xcassets in Resources */,
				FABA40DF1E5CD295007BD46A /* Main.storyboard in Resources */,
			);
			runOnlyForDeploymentPostprocessing = 0;
		};
		FABA40E81E5CD295007BD46A /* Resources */ = {
			isa = PBXResourcesBuildPhase;
			buildActionMask = 2147483647;
			files = (
			);
			runOnlyForDeploymentPostprocessing = 0;
		};
		FABA40F31E5CD295007BD46A /* Resources */ = {
			isa = PBXResourcesBuildPhase;
			buildActionMask = 2147483647;
			files = (
			);
			runOnlyForDeploymentPostprocessing = 0;
		};
/* End PBXResourcesBuildPhase section */

/* Begin PBXSourcesBuildPhase section */
		FABA40D21E5CD295007BD46A /* Sources */ = {
			isa = PBXSourcesBuildPhase;
			buildActionMask = 2147483647;
			files = (
				FABA40DC1E5CD295007BD46A /* ViewController.swift in Sources */,
				FABA40DA1E5CD295007BD46A /* AppDelegate.swift in Sources */,
			);
			runOnlyForDeploymentPostprocessing = 0;
		};
		FABA40E61E5CD295007BD46A /* Sources */ = {
			isa = PBXSourcesBuildPhase;
			buildActionMask = 2147483647;
			files = (
				FABA40EF1E5CD295007BD46A /* Rainy_Shiny_CloudyTests.swift in Sources */,
			);
			runOnlyForDeploymentPostprocessing = 0;
		};
		FABA40F11E5CD295007BD46A /* Sources */ = {
			isa = PBXSourcesBuildPhase;
			buildActionMask = 2147483647;
			files = (
				FABA40FA1E5CD295007BD46A /* Rainy_Shiny_CloudyUITests.swift in Sources */,
			);
			runOnlyForDeploymentPostprocessing = 0;
		};
/* End PBXSourcesBuildPhase section */

/* Begin PBXTargetDependency section */
		FABA40EC1E5CD295007BD46A /* PBXTargetDependency */ = {
			isa = PBXTargetDependency;
			target = FABA40D51E5CD295007BD46A /* Rainy Shiny Cloudy */;
			targetProxy = FABA40EB1E5CD295007BD46A /* PBXContainerItemProxy */;
		};
		FABA40F71E5CD295007BD46A /* PBXTargetDependency */ = {
			isa = PBXTargetDependency;
			target = FABA40D51E5CD295007BD46A /* Rainy Shiny Cloudy */;
			targetProxy = FABA40F61E5CD295007BD46A /* PBXContainerItemProxy */;
		};
/* End PBXTargetDependency section */

/* Begin PBXVariantGroup section */
		FABA40DD1E5CD295007BD46A /* Main.storyboard */ = {
			isa = PBXVariantGroup;
			children = (
				FABA40DE1E5CD295007BD46A /* Base */,
			);
			name = Main.storyboard;
			sourceTree = "<group>";
		};
		FABA40E21E5CD295007BD46A /* LaunchScreen.storyboard */ = {
			isa = PBXVariantGroup;
			children = (
				FABA40E31E5CD295007BD46A /* Base */,
			);
			name = LaunchScreen.storyboard;
			sourceTree = "<group>";
		};
/* End PBXVariantGroup section */

/* Begin XCBuildConfiguration section */
		FABA40FC1E5CD295007BD46A /* Debug */ = {
			isa = XCBuildConfiguration;
			buildSettings = {
				ALWAYS_SEARCH_USER_PATHS = NO;
				CLANG_ANALYZER_NONNULL = YES;
				CLANG_CXX_LANGUAGE_STANDARD = "gnu++0x";
				CLANG_CXX_LIBRARY = "libc++";
				CLANG_ENABLE_MODULES = YES;
				CLANG_ENABLE_OBJC_ARC = YES;
				CLANG_WARN_BOOL_CONVERSION = YES;
				CLANG_WARN_CONSTANT_CONVERSION = YES;
				CLANG_WARN_DIRECT_OBJC_ISA_USAGE = YES_ERROR;
				CLANG_WARN_DOCUMENTATION_COMMENTS = YES;
				CLANG_WARN_EMPTY_BODY = YES;
				CLANG_WARN_ENUM_CONVERSION = YES;
				CLANG_WARN_INFINITE_RECURSION = YES;
				CLANG_WARN_INT_CONVERSION = YES;
				CLANG_WARN_OBJC_ROOT_CLASS = YES_ERROR;
				CLANG_WARN_SUSPICIOUS_MOVE = YES;
				CLANG_WARN_UNREACHABLE_CODE = YES;
				CLANG_WARN__DUPLICATE_METHOD_MATCH = YES;
				"CODE_SIGN_IDENTITY[sdk=iphoneos*]" = "iPhone Developer";
				COPY_PHASE_STRIP = NO;
				DEBUG_INFORMATION_FORMAT = dwarf;
				ENABLE_STRICT_OBJC_MSGSEND = YES;
				ENABLE_TESTABILITY = YES;
				GCC_C_LANGUAGE_STANDARD = gnu99;
				GCC_DYNAMIC_NO_PIC = NO;
				GCC_NO_COMMON_BLOCKS = YES;
				GCC_OPTIMIZATION_LEVEL = 0;
				GCC_PREPROCESSOR_DEFINITIONS = (
					"DEBUG=1",
					"$(inherited)",
				);
				GCC_WARN_64_TO_32_BIT_CONVERSION = YES;
				GCC_WARN_ABOUT_RETURN_TYPE = YES_ERROR;
				GCC_WARN_UNDECLARED_SELECTOR = YES;
				GCC_WARN_UNINITIALIZED_AUTOS = YES_AGGRESSIVE;
				GCC_WARN_UNUSED_FUNCTION = YES;
				GCC_WARN_UNUSED_VARIABLE = YES;
				IPHONEOS_DEPLOYMENT_TARGET = 10.2;
				MTL_ENABLE_DEBUG_INFO = YES;
				ONLY_ACTIVE_ARCH = YES;
				SDKROOT = iphoneos;
				SWIFT_ACTIVE_COMPILATION_CONDITIONS = DEBUG;
				SWIFT_OPTIMIZATION_LEVEL = "-Onone";
				TARGETED_DEVICE_FAMILY = "1,2";
			};
			name = Debug;
		};
		FABA40FD1E5CD295007BD46A /* Release */ = {
			isa = XCBuildConfiguration;
			buildSettings = {
				ALWAYS_SEARCH_USER_PATHS = NO;
				CLANG_ANALYZER_NONNULL = YES;
				CLANG_CXX_LANGUAGE_STANDARD = "gnu++0x";
				CLANG_CXX_LIBRARY = "libc++";
				CLANG_ENABLE_MODULES = YES;
				CLANG_ENABLE_OBJC_ARC = YES;
				CLANG_WARN_BOOL_CONVERSION = YES;
				CLANG_WARN_CONSTANT_CONVERSION = YES;
				CLANG_WARN_DIRECT_OBJC_ISA_USAGE = YES_ERROR;
				CLANG_WARN_DOCUMENTATION_COMMENTS = YES;
				CLANG_WARN_EMPTY_BODY = YES;
				CLANG_WARN_ENUM_CONVERSION = YES;
				CLANG_WARN_INFINITE_RECURSION = YES;
				CLANG_WARN_INT_CONVERSION = YES;
				CLANG_WARN_OBJC_ROOT_CLASS = YES_ERROR;
				CLANG_WARN_SUSPICIOUS_MOVE = YES;
				CLANG_WARN_UNREACHABLE_CODE = YES;
				CLANG_WARN__DUPLICATE_METHOD_MATCH = YES;
				"CODE_SIGN_IDENTITY[sdk=iphoneos*]" = "iPhone Developer";
				COPY_PHASE_STRIP = NO;
				DEBUG_INFORMATION_FORMAT = "dwarf-with-dsym";
				ENABLE_NS_ASSERTIONS = NO;
				ENABLE_STRICT_OBJC_MSGSEND = YES;
				GCC_C_LANGUAGE_STANDARD = gnu99;
				GCC_NO_COMMON_BLOCKS = YES;
				GCC_WARN_64_TO_32_BIT_CONVERSION = YES;
				GCC_WARN_ABOUT_RETURN_TYPE = YES_ERROR;
				GCC_WARN_UNDECLARED_SELECTOR = YES;
				GCC_WARN_UNINITIALIZED_AUTOS = YES_AGGRESSIVE;
				GCC_WARN_UNUSED_FUNCTION = YES;
				GCC_WARN_UNUSED_VARIABLE = YES;
				IPHONEOS_DEPLOYMENT_TARGET = 10.2;
				MTL_ENABLE_DEBUG_INFO = NO;
				SDKROOT = iphoneos;
				SWIFT_OPTIMIZATION_LEVEL = "-Owholemodule";
				TARGETED_DEVICE_FAMILY = "1,2";
				VALIDATE_PRODUCT = YES;
			};
			name = Release;
		};
		FABA40FF1E5CD295007BD46A /* Debug */ = {
			isa = XCBuildConfiguration;
			buildSettings = {
				ASSETCATALOG_COMPILER_APPICON_NAME = AppIcon;
				DEVELOPMENT_TEAM = RG984Y4MMV;
				INFOPLIST_FILE = "Rainy Shiny Cloudy/Info.plist";
				LD_RUNPATH_SEARCH_PATHS = "$(inherited) @executable_path/Frameworks";
				PRODUCT_BUNDLE_IDENTIFIER = "com.course.Rainy-Shiny-Cloudy";
				PRODUCT_NAME = "$(TARGET_NAME)";
				SWIFT_VERSION = 3.0;
			};
			name = Debug;
		};
		FABA41001E5CD295007BD46A /* Release */ = {
			isa = XCBuildConfiguration;
			buildSettings = {
				ASSETCATALOG_COMPILER_APPICON_NAME = AppIcon;
				DEVELOPMENT_TEAM = RG984Y4MMV;
				INFOPLIST_FILE = "Rainy Shiny Cloudy/Info.plist";
				LD_RUNPATH_SEARCH_PATHS = "$(inherited) @executable_path/Frameworks";
				PRODUCT_BUNDLE_IDENTIFIER = "com.course.Rainy-Shiny-Cloudy";
				PRODUCT_NAME = "$(TARGET_NAME)";
				SWIFT_VERSION = 3.0;
			};
			name = Release;
		};
		FABA41021E5CD295007BD46A /* Debug */ = {
			isa = XCBuildConfiguration;
			buildSettings = {
				ALWAYS_EMBED_SWIFT_STANDARD_LIBRARIES = YES;
				BUNDLE_LOADER = "$(TEST_HOST)";
				DEVELOPMENT_TEAM = RG984Y4MMV;
				INFOPLIST_FILE = "Rainy Shiny CloudyTests/Info.plist";
				LD_RUNPATH_SEARCH_PATHS = "$(inherited) @executable_path/Frameworks @loader_path/Frameworks";
				PRODUCT_BUNDLE_IDENTIFIER = "com.course.Rainy-Shiny-CloudyTests";
				PRODUCT_NAME = "$(TARGET_NAME)";
				SWIFT_VERSION = 3.0;
				TEST_HOST = "$(BUILT_PRODUCTS_DIR)/Rainy Shiny Cloudy.app/Rainy Shiny Cloudy";
			};
			name = Debug;
		};
		FABA41031E5CD295007BD46A /* Release */ = {
			isa = XCBuildConfiguration;
			buildSettings = {
				ALWAYS_EMBED_SWIFT_STANDARD_LIBRARIES = YES;
				BUNDLE_LOADER = "$(TEST_HOST)";
				DEVELOPMENT_TEAM = RG984Y4MMV;
				INFOPLIST_FILE = "Rainy Shiny CloudyTests/Info.plist";
				LD_RUNPATH_SEARCH_PATHS = "$(inherited) @executable_path/Frameworks @loader_path/Frameworks";
				PRODUCT_BUNDLE_IDENTIFIER = "com.course.Rainy-Shiny-CloudyTests";
				PRODUCT_NAME = "$(TARGET_NAME)";
				SWIFT_VERSION = 3.0;
				TEST_HOST = "$(BUILT_PRODUCTS_DIR)/Rainy Shiny Cloudy.app/Rainy Shiny Cloudy";
			};
			name = Release;
		};
		FABA41051E5CD295007BD46A /* Debug */ = {
			isa = XCBuildConfiguration;
			buildSettings = {
				ALWAYS_EMBED_SWIFT_STANDARD_LIBRARIES = YES;
				DEVELOPMENT_TEAM = RG984Y4MMV;
				INFOPLIST_FILE = "Rainy Shiny CloudyUITests/Info.plist";
				LD_RUNPATH_SEARCH_PATHS = "$(inherited) @executable_path/Frameworks @loader_path/Frameworks";
				PRODUCT_BUNDLE_IDENTIFIER = "com.course.Rainy-Shiny-CloudyUITests";
				PRODUCT_NAME = "$(TARGET_NAME)";
				SWIFT_VERSION = 3.0;
				TEST_TARGET_NAME = "Rainy Shiny Cloudy";
			};
			name = Debug;
		};
		FABA41061E5CD295007BD46A /* Release */ = {
			isa = XCBuildConfiguration;
			buildSettings = {
				ALWAYS_EMBED_SWIFT_STANDARD_LIBRARIES = YES;
				DEVELOPMENT_TEAM = RG984Y4MMV;
				INFOPLIST_FILE = "Rainy Shiny CloudyUITests/Info.plist";
				LD_RUNPATH_SEARCH_PATHS = "$(inherited) @executable_path/Frameworks @loader_path/Frameworks";
				PRODUCT_BUNDLE_IDENTIFIER = "com.course.Rainy-Shiny-CloudyUITests";
				PRODUCT_NAME = "$(TARGET_NAME)";
				SWIFT_VERSION = 3.0;
				TEST_TARGET_NAME = "Rainy Shiny Cloudy";
			};
			name = Release;
		};
/* End XCBuildConfiguration section */

/* Begin XCConfigurationList section */
		FABA40D11E5CD295007BD46A /* Build configuration list for PBXProject "Rainy Shiny Cloudy" */ = {
			isa = XCConfigurationList;
			buildConfigurations = (
				FABA40FC1E5CD295007BD46A /* Debug */,
				FABA40FD1E5CD295007BD46A /* Release */,
			);
			defaultConfigurationIsVisible = 0;
			defaultConfigurationName = Release;
		};
		FABA40FE1E5CD295007BD46A /* Build configuration list for PBXNativeTarget "Rainy Shiny Cloudy" */ = {
			isa = XCConfigurationList;
			buildConfigurations = (
				FABA40FF1E5CD295007BD46A /* Debug */,
				FABA41001E5CD295007BD46A /* Release */,
			);
			defaultConfigurationIsVisible = 0;
		};
		FABA41011E5CD295007BD46A /* Build configuration list for PBXNativeTarget "Rainy Shiny CloudyTests" */ = {
			isa = XCConfigurationList;
			buildConfigurations = (
				FABA41021E5CD295007BD46A /* Debug */,
				FABA41031E5CD295007BD46A /* Release */,
			);
			defaultConfigurationIsVisible = 0;
		};
		FABA41041E5CD295007BD46A /* Build configuration list for PBXNativeTarget "Rainy Shiny CloudyUITests" */ = {
			isa = XCConfigurationList;
			buildConfigurations = (
				FABA41051E5CD295007BD46A /* Debug */,
				FABA41061E5CD295007BD46A /* Release */,
			);
			defaultConfigurationIsVisible = 0;
		};
/* End XCConfigurationList section */
	};
	rootObject = FABA40CE1E5CD295007BD46A /* Project object */;
}
